{
  "name": "test-ts-ata-web",
  "version": "1.0.0",
  "lockfileVersion": 3,
  "requires": true,
  "packages": {
    "": {
      "name": "test-ts-ata-web",
      "version": "1.0.0",
      "license": "ISC",
      "dependencies": {
        "marked": "github:markedjs/marked"
      }
    },
    "node_modules/marked": {
      "version": "14.1.2",
      "resolved": "git+ssh://git@github.com/markedjs/marked.git#b47358cb1711b29237e074737cb4e5f9a98e3914",
      "bin": {
        "marked": "bin/marked.js"
      },
      "engines": {
        "node": ">= 18"
      }
    }
  }
}
